
Microsoft Visual Studio Solution File, Format Version 12.00
# Visual Studio Version 17
VisualStudioVersion = 17.2.32630.192
MinimumVisualStudioVersion = 10.0.40219.1
Project("{9A19103F-16F7-4668-BE54-9A1E7A4F7556}") = "R5T.Z0051", "R5T.Z0051\R5T.Z0051.csproj", "{7079F1BC-1949-4F39-AEC5-E7F610140A44}"
EndProject
Project("{2150E333-8FDC-42A3-9474-1A3956D46DE8}") = "_Dependencies", "_Dependencies", "{7EE6D2E9-3E29-4078-9014-996774441061}"
EndProject
Project("{9A19103F-16F7-4668-BE54-9A1E7A4F7556}") = "R5T.T0142", "..\..\R5T.T0142\source\R5T.T0142\R5T.T0142.csproj", "{A83D60D3-ACD7-4E12-8802-FCDB60E9A094}"
EndProject
Project("{9A19103F-16F7-4668-BE54-9A1E7A4F7556}") = "R5T.T0143", "..\..\R5T.T0143\source\R5T.T0143\R5T.T0143.csproj", "{37240B6E-541A-4854-9AB5-AE5C7C3EC7A2}"
EndProject
Project("{9A19103F-16F7-4668-BE54-9A1E7A4F7556}") = "R5T.T0206", "..\..\R5T.T0206\source\R5T.T0206\R5T.T0206.csproj", "{D5894837-59C0-4EFA-88B6-350818E8E0BC}"
EndProject
Project("{9A19103F-16F7-4668-BE54-9A1E7A4F7556}") = "R5T.T0131", "..\..\R5T.T0131\source\R5T.T0131\R5T.T0131.csproj", "{4BCFCE99-A7D3-4D12-9203-0C68D361C6BE}"
EndProject
Project("{9A19103F-16F7-4668-BE54-9A1E7A4F7556}") = "R5T.F0000", "..\..\R5T.F0000\source\R5T.F0000\R5T.F0000.csproj", "{7F5984CE-9885-43E8-A6F8-7F2B454F431A}"
EndProject
Project("{9A19103F-16F7-4668-BE54-9A1E7A4F7556}") = "R5T.T0132", "..\..\R5T.T0132\source\R5T.T0132\R5T.T0132.csproj", "{DDE4B65D-2603-4781-AEC9-487D3F0D690F}"
EndProject
Project("{9A19103F-16F7-4668-BE54-9A1E7A4F7556}") = "R5T.T0156", "..\..\R5T.T0156\source\R5T.T0156\R5T.T0156.csproj", "{15C8D3CF-50AC-4F77-BA7D-8056C4F75807}"
EndProject
Project("{9A19103F-16F7-4668-BE54-9A1E7A4F7556}") = "R5T.Y0000", "..\..\R5T.Y0000\source\R5T.Y0000\R5T.Y0000.csproj", "{66B9676A-1219-47F6-8B81-7439AF5ADA92}"
EndProject
Project("{9A19103F-16F7-4668-BE54-9A1E7A4F7556}") = "R5T.Z0000", "..\..\R5T.Z0000\source\R5T.Z0000\R5T.Z0000.csproj", "{946D22BB-796C-4EBD-BB08-D03761687C1E}"
EndProject
Global
	GlobalSection(NestedProjects) = preSolution
		{A83D60D3-ACD7-4E12-8802-FCDB60E9A094} = {7EE6D2E9-3E29-4078-9014-996774441061}
		{37240B6E-541A-4854-9AB5-AE5C7C3EC7A2} = {7EE6D2E9-3E29-4078-9014-996774441061}
		{D5894837-59C0-4EFA-88B6-350818E8E0BC} = {7EE6D2E9-3E29-4078-9014-996774441061}
		{4BCFCE99-A7D3-4D12-9203-0C68D361C6BE} = {7EE6D2E9-3E29-4078-9014-996774441061}
		{7F5984CE-9885-43E8-A6F8-7F2B454F431A} = {7EE6D2E9-3E29-4078-9014-996774441061}
		{DDE4B65D-2603-4781-AEC9-487D3F0D690F} = {7EE6D2E9-3E29-4078-9014-996774441061}
		{15C8D3CF-50AC-4F77-BA7D-8056C4F75807} = {7EE6D2E9-3E29-4078-9014-996774441061}
		{66B9676A-1219-47F6-8B81-7439AF5ADA92} = {7EE6D2E9-3E29-4078-9014-996774441061}
		{946D22BB-796C-4EBD-BB08-D03761687C1E} = {7EE6D2E9-3E29-4078-9014-996774441061}
	EndGlobalSection
	GlobalSection(SolutionConfigurationPlatforms) = preSolution
		Debug|Any CPU = Debug|Any CPU
		Release|Any CPU = Release|Any CPU
	EndGlobalSection
	GlobalSection(ProjectConfigurationPlatforms) = postSolution
		{7079F1BC-1949-4F39-AEC5-E7F610140A44}.Debug|Any CPU.ActiveCfg = Debug|Any CPU
		{7079F1BC-1949-4F39-AEC5-E7F610140A44}.Debug|Any CPU.Build.0 = Debug|Any CPU
		{7079F1BC-1949-4F39-AEC5-E7F610140A44}.Release|Any CPU.ActiveCfg = Release|Any CPU
		{7079F1BC-1949-4F39-AEC5-E7F610140A44}.Release|Any CPU.Build.0 = Release|Any CPU
		{A83D60D3-ACD7-4E12-8802-FCDB60E9A094}.Debug|Any CPU.ActiveCfg = Debug|Any CPU
		{A83D60D3-ACD7-4E12-8802-FCDB60E9A094}.Debug|Any CPU.Build.0 = Debug|Any CPU
		{A83D60D3-ACD7-4E12-8802-FCDB60E9A094}.Release|Any CPU.ActiveCfg = Release|Any CPU
		{A83D60D3-ACD7-4E12-8802-FCDB60E9A094}.Release|Any CPU.Build.0 = Release|Any CPU
		{37240B6E-541A-4854-9AB5-AE5C7C3EC7A2}.Debug|Any CPU.ActiveCfg = Debug|Any CPU
		{37240B6E-541A-4854-9AB5-AE5C7C3EC7A2}.Debug|Any CPU.Build.0 = Debug|Any CPU
		{37240B6E-541A-4854-9AB5-AE5C7C3EC7A2}.Release|Any CPU.ActiveCfg = Release|Any CPU
		{37240B6E-541A-4854-9AB5-AE5C7C3EC7A2}.Release|Any CPU.Build.0 = Release|Any CPU
		{D5894837-59C0-4EFA-88B6-350818E8E0BC}.Debug|Any CPU.ActiveCfg = Debug|Any CPU
		{D5894837-59C0-4EFA-88B6-350818E8E0BC}.Debug|Any CPU.Build.0 = Debug|Any CPU
		{D5894837-59C0-4EFA-88B6-350818E8E0BC}.Release|Any CPU.ActiveCfg = Release|Any CPU
		{D5894837-59C0-4EFA-88B6-350818E8E0BC}.Release|Any CPU.Build.0 = Release|Any CPU
		{4BCFCE99-A7D3-4D12-9203-0C68D361C6BE}.Debug|Any CPU.ActiveCfg = Debug|Any CPU
		{4BCFCE99-A7D3-4D12-9203-0C68D361C6BE}.Debug|Any CPU.Build.0 = Debug|Any CPU
		{4BCFCE99-A7D3-4D12-9203-0C68D361C6BE}.Release|Any CPU.ActiveCfg = Release|Any CPU
		{4BCFCE99-A7D3-4D12-9203-0C68D361C6BE}.Release|Any CPU.Build.0 = Release|Any CPU
		{7F5984CE-9885-43E8-A6F8-7F2B454F431A}.Debug|Any CPU.ActiveCfg = Debug|Any CPU
		{7F5984CE-9885-43E8-A6F8-7F2B454F431A}.Debug|Any CPU.Build.0 = Debug|Any CPU
		{7F5984CE-9885-43E8-A6F8-7F2B454F431A}.Release|Any CPU.ActiveCfg = Release|Any CPU
		{7F5984CE-9885-43E8-A6F8-7F2B454F431A}.Release|Any CPU.Build.0 = Release|Any CPU
		{DDE4B65D-2603-4781-AEC9-487D3F0D690F}.Debug|Any CPU.ActiveCfg = Debug|Any CPU
		{DDE4B65D-2603-4781-AEC9-487D3F0D690F}.Debug|Any CPU.Build.0 = Debug|Any CPU
		{DDE4B65D-2603-4781-AEC9-487D3F0D690F}.Release|Any CPU.ActiveCfg = Release|Any CPU
		{DDE4B65D-2603-4781-AEC9-487D3F0D690F}.Release|Any CPU.Build.0 = Release|Any CPU
		{15C8D3CF-50AC-4F77-BA7D-8056C4F75807}.Debug|Any CPU.ActiveCfg = Debug|Any CPU
		{15C8D3CF-50AC-4F77-BA7D-8056C4F75807}.Debug|Any CPU.Build.0 = Debug|Any CPU
		{15C8D3CF-50AC-4F77-BA7D-8056C4F75807}.Release|Any CPU.ActiveCfg = Release|Any CPU
		{15C8D3CF-50AC-4F77-BA7D-8056C4F75807}.Release|Any CPU.Build.0 = Release|Any CPU
		{66B9676A-1219-47F6-8B81-7439AF5ADA92}.Debug|Any CPU.ActiveCfg = Debug|Any CPU
		{66B9676A-1219-47F6-8B81-7439AF5ADA92}.Debug|Any CPU.Build.0 = Debug|Any CPU
		{66B9676A-1219-47F6-8B81-7439AF5ADA92}.Release|Any CPU.ActiveCfg = Release|Any CPU
		{66B9676A-1219-47F6-8B81-7439AF5ADA92}.Release|Any CPU.Build.0 = Release|Any CPU
		{946D22BB-796C-4EBD-BB08-D03761687C1E}.Debug|Any CPU.ActiveCfg = Debug|Any CPU
		{946D22BB-796C-4EBD-BB08-D03761687C1E}.Debug|Any CPU.Build.0 = Debug|Any CPU
		{946D22BB-796C-4EBD-BB08-D03761687C1E}.Release|Any CPU.ActiveCfg = Release|Any CPU
		{946D22BB-796C-4EBD-BB08-D03761687C1E}.Release|Any CPU.Build.0 = Release|Any CPU
	EndGlobalSection
	GlobalSection(SolutionProperties) = preSolution
		HideSolutionNode = FALSE
	EndGlobalSection
	GlobalSection(ExtensibilityGlobals) = postSolution
		SolutionGuid = {980AB114-4973-45B7-875D-049030AA918D}
	EndGlobalSection
EndGlobal
