
Microsoft Visual Studio Solution File, Format Version 12.00
# Visual Studio Version 17
VisualStudioVersion = 17.2.32630.192
MinimumVisualStudioVersion = 10.0.40219.1
Project("{9A19103F-16F7-4668-BE54-9A1E7A4F7556}") = "R5T.Z0051.Construction", "R5T.Z0051.Construction\R5T.Z0051.Construction.csproj", "{480CA7E8-F3BD-4CE3-AFE7-2447CC677530}"
EndProject
Project("{9A19103F-16F7-4668-BE54-9A1E7A4F7556}") = "R5T.Z0051", "R5T.Z0051\R5T.Z0051.csproj", "{114E9DE2-59B1-4801-A58A-834EC1CA5D02}"
EndProject
Project("{2150E333-8FDC-42A3-9474-1A3956D46DE8}") = "_Dependencies", "_Dependencies", "{BEAA6656-6ABB-4C21-B644-B36ADA15984D}"
EndProject
Project("{9A19103F-16F7-4668-BE54-9A1E7A4F7556}") = "R5T.T0142", "..\..\R5T.T0142\source\R5T.T0142\R5T.T0142.csproj", "{363B1A92-0805-4AFE-B519-A1B0D1D265E1}"
EndProject
Project("{9A19103F-16F7-4668-BE54-9A1E7A4F7556}") = "R5T.T0143", "..\..\R5T.T0143\source\R5T.T0143\R5T.T0143.csproj", "{DA90838C-0E26-4FC2-A8EF-E6E1FF52F543}"
EndProject
Project("{9A19103F-16F7-4668-BE54-9A1E7A4F7556}") = "R5T.T0206", "..\..\R5T.T0206\source\R5T.T0206\R5T.T0206.csproj", "{DB496944-B5E3-4BBC-B88B-936AF6FAB4BA}"
EndProject
Project("{9A19103F-16F7-4668-BE54-9A1E7A4F7556}") = "R5T.T0131", "..\..\R5T.T0131\source\R5T.T0131\R5T.T0131.csproj", "{EBF31099-C2A7-4351-A79A-B6EEA91D21DF}"
EndProject
Project("{9A19103F-16F7-4668-BE54-9A1E7A4F7556}") = "R5T.F0000", "..\..\R5T.F0000\source\R5T.F0000\R5T.F0000.csproj", "{B9688F9F-7BFC-414F-A6C2-BCADF5CB4B80}"
EndProject
Project("{9A19103F-16F7-4668-BE54-9A1E7A4F7556}") = "R5T.T0132", "..\..\R5T.T0132\source\R5T.T0132\R5T.T0132.csproj", "{E078B57B-E8BB-4D7E-9F62-FADC32E7DF8A}"
EndProject
Project("{9A19103F-16F7-4668-BE54-9A1E7A4F7556}") = "R5T.T0156", "..\..\R5T.T0156\source\R5T.T0156\R5T.T0156.csproj", "{2AE6812A-AD6C-48E6-B4A5-934CF32658B4}"
EndProject
Project("{9A19103F-16F7-4668-BE54-9A1E7A4F7556}") = "R5T.Y0000", "..\..\R5T.Y0000\source\R5T.Y0000\R5T.Y0000.csproj", "{D879065B-4E84-4BA9-A9ED-689F29BAD12A}"
EndProject
Project("{9A19103F-16F7-4668-BE54-9A1E7A4F7556}") = "R5T.Z0000", "..\..\R5T.Z0000\source\R5T.Z0000\R5T.Z0000.csproj", "{BDFFFB3E-8DAC-4724-B90B-9C058223DCBE}"
EndProject
Global
	GlobalSection(NestedProjects) = preSolution
		{363B1A92-0805-4AFE-B519-A1B0D1D265E1} = {BEAA6656-6ABB-4C21-B644-B36ADA15984D}
		{DA90838C-0E26-4FC2-A8EF-E6E1FF52F543} = {BEAA6656-6ABB-4C21-B644-B36ADA15984D}
		{DB496944-B5E3-4BBC-B88B-936AF6FAB4BA} = {BEAA6656-6ABB-4C21-B644-B36ADA15984D}
		{EBF31099-C2A7-4351-A79A-B6EEA91D21DF} = {BEAA6656-6ABB-4C21-B644-B36ADA15984D}
		{B9688F9F-7BFC-414F-A6C2-BCADF5CB4B80} = {BEAA6656-6ABB-4C21-B644-B36ADA15984D}
		{E078B57B-E8BB-4D7E-9F62-FADC32E7DF8A} = {BEAA6656-6ABB-4C21-B644-B36ADA15984D}
		{2AE6812A-AD6C-48E6-B4A5-934CF32658B4} = {BEAA6656-6ABB-4C21-B644-B36ADA15984D}
		{D879065B-4E84-4BA9-A9ED-689F29BAD12A} = {BEAA6656-6ABB-4C21-B644-B36ADA15984D}
		{BDFFFB3E-8DAC-4724-B90B-9C058223DCBE} = {BEAA6656-6ABB-4C21-B644-B36ADA15984D}
	EndGlobalSection
	GlobalSection(SolutionConfigurationPlatforms) = preSolution
		Debug|Any CPU = Debug|Any CPU
		Release|Any CPU = Release|Any CPU
	EndGlobalSection
	GlobalSection(ProjectConfigurationPlatforms) = postSolution
		{480CA7E8-F3BD-4CE3-AFE7-2447CC677530}.Debug|Any CPU.ActiveCfg = Debug|Any CPU
		{480CA7E8-F3BD-4CE3-AFE7-2447CC677530}.Debug|Any CPU.Build.0 = Debug|Any CPU
		{480CA7E8-F3BD-4CE3-AFE7-2447CC677530}.Release|Any CPU.ActiveCfg = Release|Any CPU
		{480CA7E8-F3BD-4CE3-AFE7-2447CC677530}.Release|Any CPU.Build.0 = Release|Any CPU
		{114E9DE2-59B1-4801-A58A-834EC1CA5D02}.Debug|Any CPU.ActiveCfg = Debug|Any CPU
		{114E9DE2-59B1-4801-A58A-834EC1CA5D02}.Debug|Any CPU.Build.0 = Debug|Any CPU
		{114E9DE2-59B1-4801-A58A-834EC1CA5D02}.Release|Any CPU.ActiveCfg = Release|Any CPU
		{114E9DE2-59B1-4801-A58A-834EC1CA5D02}.Release|Any CPU.Build.0 = Release|Any CPU
		{363B1A92-0805-4AFE-B519-A1B0D1D265E1}.Debug|Any CPU.ActiveCfg = Debug|Any CPU
		{363B1A92-0805-4AFE-B519-A1B0D1D265E1}.Debug|Any CPU.Build.0 = Debug|Any CPU
		{363B1A92-0805-4AFE-B519-A1B0D1D265E1}.Release|Any CPU.ActiveCfg = Release|Any CPU
		{363B1A92-0805-4AFE-B519-A1B0D1D265E1}.Release|Any CPU.Build.0 = Release|Any CPU
		{DA90838C-0E26-4FC2-A8EF-E6E1FF52F543}.Debug|Any CPU.ActiveCfg = Debug|Any CPU
		{DA90838C-0E26-4FC2-A8EF-E6E1FF52F543}.Debug|Any CPU.Build.0 = Debug|Any CPU
		{DA90838C-0E26-4FC2-A8EF-E6E1FF52F543}.Release|Any CPU.ActiveCfg = Release|Any CPU
		{DA90838C-0E26-4FC2-A8EF-E6E1FF52F543}.Release|Any CPU.Build.0 = Release|Any CPU
		{DB496944-B5E3-4BBC-B88B-936AF6FAB4BA}.Debug|Any CPU.ActiveCfg = Debug|Any CPU
		{DB496944-B5E3-4BBC-B88B-936AF6FAB4BA}.Debug|Any CPU.Build.0 = Debug|Any CPU
		{DB496944-B5E3-4BBC-B88B-936AF6FAB4BA}.Release|Any CPU.ActiveCfg = Release|Any CPU
		{DB496944-B5E3-4BBC-B88B-936AF6FAB4BA}.Release|Any CPU.Build.0 = Release|Any CPU
		{EBF31099-C2A7-4351-A79A-B6EEA91D21DF}.Debug|Any CPU.ActiveCfg = Debug|Any CPU
		{EBF31099-C2A7-4351-A79A-B6EEA91D21DF}.Debug|Any CPU.Build.0 = Debug|Any CPU
		{EBF31099-C2A7-4351-A79A-B6EEA91D21DF}.Release|Any CPU.ActiveCfg = Release|Any CPU
		{EBF31099-C2A7-4351-A79A-B6EEA91D21DF}.Release|Any CPU.Build.0 = Release|Any CPU
		{B9688F9F-7BFC-414F-A6C2-BCADF5CB4B80}.Debug|Any CPU.ActiveCfg = Debug|Any CPU
		{B9688F9F-7BFC-414F-A6C2-BCADF5CB4B80}.Debug|Any CPU.Build.0 = Debug|Any CPU
		{B9688F9F-7BFC-414F-A6C2-BCADF5CB4B80}.Release|Any CPU.ActiveCfg = Release|Any CPU
		{B9688F9F-7BFC-414F-A6C2-BCADF5CB4B80}.Release|Any CPU.Build.0 = Release|Any CPU
		{E078B57B-E8BB-4D7E-9F62-FADC32E7DF8A}.Debug|Any CPU.ActiveCfg = Debug|Any CPU
		{E078B57B-E8BB-4D7E-9F62-FADC32E7DF8A}.Debug|Any CPU.Build.0 = Debug|Any CPU
		{E078B57B-E8BB-4D7E-9F62-FADC32E7DF8A}.Release|Any CPU.ActiveCfg = Release|Any CPU
		{E078B57B-E8BB-4D7E-9F62-FADC32E7DF8A}.Release|Any CPU.Build.0 = Release|Any CPU
		{2AE6812A-AD6C-48E6-B4A5-934CF32658B4}.Debug|Any CPU.ActiveCfg = Debug|Any CPU
		{2AE6812A-AD6C-48E6-B4A5-934CF32658B4}.Debug|Any CPU.Build.0 = Debug|Any CPU
		{2AE6812A-AD6C-48E6-B4A5-934CF32658B4}.Release|Any CPU.ActiveCfg = Release|Any CPU
		{2AE6812A-AD6C-48E6-B4A5-934CF32658B4}.Release|Any CPU.Build.0 = Release|Any CPU
		{D879065B-4E84-4BA9-A9ED-689F29BAD12A}.Debug|Any CPU.ActiveCfg = Debug|Any CPU
		{D879065B-4E84-4BA9-A9ED-689F29BAD12A}.Debug|Any CPU.Build.0 = Debug|Any CPU
		{D879065B-4E84-4BA9-A9ED-689F29BAD12A}.Release|Any CPU.ActiveCfg = Release|Any CPU
		{D879065B-4E84-4BA9-A9ED-689F29BAD12A}.Release|Any CPU.Build.0 = Release|Any CPU
		{BDFFFB3E-8DAC-4724-B90B-9C058223DCBE}.Debug|Any CPU.ActiveCfg = Debug|Any CPU
		{BDFFFB3E-8DAC-4724-B90B-9C058223DCBE}.Debug|Any CPU.Build.0 = Debug|Any CPU
		{BDFFFB3E-8DAC-4724-B90B-9C058223DCBE}.Release|Any CPU.ActiveCfg = Release|Any CPU
		{BDFFFB3E-8DAC-4724-B90B-9C058223DCBE}.Release|Any CPU.Build.0 = Release|Any CPU
	EndGlobalSection
	GlobalSection(SolutionProperties) = preSolution
		HideSolutionNode = FALSE
	EndGlobalSection
	GlobalSection(ExtensibilityGlobals) = postSolution
		SolutionGuid = {05FA1662-9B8A-46B5-90BE-DBF96ABE7EF9}
	EndGlobalSection
EndGlobal
